
Microsoft Visual Studio Solution File, Format Version 12.00
# Visual Studio Version 17
VisualStudioVersion = 17.7.34302.85
MinimumVisualStudioVersion = 10.0.40219.1
Project("{2150E333-8FDC-42A3-9474-1A3956D46DE8}") = "OrderProducer", "OrderProducer", "{E9E38065-77E4-434E-BE90-C742421668CE}"
EndProject
Project("{2150E333-8FDC-42A3-9474-1A3956D46DE8}") = "OrderConsumer", "OrderConsumer", "{D4C5FD74-31D2-43DA-951C-8B25202E621E}"
EndProject
Project("{9A19103F-16F7-4668-BE54-9A1E7A4F7556}") = "OrderProducer.Service", "OrderProducer.Service\OrderProducer.Service.csproj", "{A0BE5260-5335-4945-8D5D-1A7B4C06CBF9}"
EndProject
Project("{9A19103F-16F7-4668-BE54-9A1E7A4F7556}") = "OrderConsumer.Service", "OrderConsumer.Service\OrderConsumer.Service.csproj", "{D6F6AABC-18B6-4569-BF47-6B5F422CCB9C}"
EndProject
Project("{E53339B2-1760-4266-BCC7-CA923CBCF16C}") = "docker-compose", "docker-compose.dcproj", "{C99DED0C-9D61-4030-8532-1507C56E4D61}"
EndProject
Project("{FAE04EC0-301F-11D3-BF4B-00C04F79EFBC}") = "OrderConsumer.Tests", "..\OrderConsumer.Tests\OrderConsumer.Tests.csproj", "{74C27FDA-8351-4CC0-BA49-E0B6EE2F6AEA}"
EndProject
Global
	GlobalSection(SolutionConfigurationPlatforms) = preSolution
		Debug|Any CPU = Debug|Any CPU
		Release|Any CPU = Release|Any CPU
	EndGlobalSection
	GlobalSection(ProjectConfigurationPlatforms) = postSolution
		{A0BE5260-5335-4945-8D5D-1A7B4C06CBF9}.Debug|Any CPU.ActiveCfg = Debug|Any CPU
		{A0BE5260-5335-4945-8D5D-1A7B4C06CBF9}.Debug|Any CPU.Build.0 = Debug|Any CPU
		{A0BE5260-5335-4945-8D5D-1A7B4C06CBF9}.Release|Any CPU.ActiveCfg = Release|Any CPU
		{A0BE5260-5335-4945-8D5D-1A7B4C06CBF9}.Release|Any CPU.Build.0 = Release|Any CPU
		{D6F6AABC-18B6-4569-BF47-6B5F422CCB9C}.Debug|Any CPU.ActiveCfg = Debug|Any CPU
		{D6F6AABC-18B6-4569-BF47-6B5F422CCB9C}.Debug|Any CPU.Build.0 = Debug|Any CPU
		{D6F6AABC-18B6-4569-BF47-6B5F422CCB9C}.Release|Any CPU.ActiveCfg = Release|Any CPU
		{D6F6AABC-18B6-4569-BF47-6B5F422CCB9C}.Release|Any CPU.Build.0 = Release|Any CPU
		{C99DED0C-9D61-4030-8532-1507C56E4D61}.Debug|Any CPU.ActiveCfg = Debug|Any CPU
		{C99DED0C-9D61-4030-8532-1507C56E4D61}.Debug|Any CPU.Build.0 = Debug|Any CPU
		{C99DED0C-9D61-4030-8532-1507C56E4D61}.Release|Any CPU.ActiveCfg = Release|Any CPU
		{C99DED0C-9D61-4030-8532-1507C56E4D61}.Release|Any CPU.Build.0 = Release|Any CPU
		{74C27FDA-8351-4CC0-BA49-E0B6EE2F6AEA}.Debug|Any CPU.ActiveCfg = Debug|Any CPU
		{74C27FDA-8351-4CC0-BA49-E0B6EE2F6AEA}.Debug|Any CPU.Build.0 = Debug|Any CPU
		{74C27FDA-8351-4CC0-BA49-E0B6EE2F6AEA}.Release|Any CPU.ActiveCfg = Release|Any CPU
		{74C27FDA-8351-4CC0-BA49-E0B6EE2F6AEA}.Release|Any CPU.Build.0 = Release|Any CPU
	EndGlobalSection
	GlobalSection(SolutionProperties) = preSolution
		HideSolutionNode = FALSE
	EndGlobalSection
	GlobalSection(NestedProjects) = preSolution
		{A0BE5260-5335-4945-8D5D-1A7B4C06CBF9} = {E9E38065-77E4-434E-BE90-C742421668CE}
		{D6F6AABC-18B6-4569-BF47-6B5F422CCB9C} = {D4C5FD74-31D2-43DA-951C-8B25202E621E}
		{74C27FDA-8351-4CC0-BA49-E0B6EE2F6AEA} = {D4C5FD74-31D2-43DA-951C-8B25202E621E}
	EndGlobalSection
	GlobalSection(ExtensibilityGlobals) = postSolution
		SolutionGuid = {F7A8B277-8CB6-4680-8869-C6A0705134F9}
	EndGlobalSection
EndGlobal
